
Microsoft Visual Studio Solution File, Format Version 12.00
# Visual Studio Version 17
VisualStudioVersion = 17.10.35122.118
MinimumVisualStudioVersion = 10.0.40219.1
Project("{FAE04EC0-301F-11D3-BF4B-00C04F79EFBC}") = "WindowsFormsApp - Desarrollo", "WindowsFormsApp - Desarrollo\WindowsFormsApp - Desarrollo.csproj", "{5E2C7138-8EC5-4378-A64D-4293CC841864}"
EndProject
Project("{2150E333-8FDC-42A3-9474-1A3956D46DE8}") = "Modelos", "Modelos", "{D0202FA2-281F-424C-B8C4-069C4AD6B81D}"
	ProjectSection(SolutionItems) = preProject
		Libro.cs = Libro.cs
		Usuario.cs = Usuario.cs
		Reserva.cs = Reserva.cs
	EndProjectSection
EndProject
Project("{2150E333-8FDC-42A3-9474-1A3956D46DE8}") = "Controladores", "Controladores", "{F5DE2ACC-0957-4ED6-BA46-60A6AA66709B}"
	ProjectSection(SolutionItems) = preProject
		LibroController.cs = LibroController.cs
		UsuarioController.cs = UsuarioController.cs
		ReservaController.cs = ReservaController.cs
	EndProjectSection
EndProject
Project("{2150E333-8FDC-42A3-9474-1A3956D46DE8}") = "Vistas", "Vistas", "{9F783A83-6537-4182-B0E5-7D12D6FAAC21}"
	ProjectSection(SolutionItems) = preProject
		FormGestionLibros.cs = FormGestionLibros.cs
		FormGestionUsuarios.cs = FormGestionUsuarios.cs
		FormGestionReservas.cs = FormGestionReservas.cs
	EndProjectSection
EndProject
Global
	GlobalSection(SolutionConfigurationPlatforms) = preSolution
		Debug|Any CPU = Debug|Any CPU
		Release|Any CPU = Release|Any CPU
	EndGlobalSection
	GlobalSection(ProjectConfigurationPlatforms) = postSolution
		{5E2C7138-8EC5-4378-A64D-4293CC841864}.Debug|Any CPU.ActiveCfg = Debug|Any CPU
		{5E2C7138-8EC5-4378-A64D-4293CC841864}.Debug|Any CPU.Build.0 = Debug|Any CPU
		{5E2C7138-8EC5-4378-A64D-4293CC841864}.Release|Any CPU.ActiveCfg = Release|Any CPU
		{5E2C7138-8EC5-4378-A64D-4293CC841864}.Release|Any CPU.Build.0 = Release|Any CPU
	EndGlobalSection
	GlobalSection(SolutionProperties) = preSolution
		HideSolutionNode = FALSE
	EndGlobalSection
	GlobalSection(ExtensibilityGlobals) = postSolution
		SolutionGuid = {064BD037-91A7-485A-8512-C7392882B3F4}
	EndGlobalSection
EndGlobal
